
Microsoft Visual Studio Solution File, Format Version 12.00
# Visual Studio Version 16
VisualStudioVersion = 16.0.33130.400
MinimumVisualStudioVersion = 10.0.40219.1
Project("{FAE04EC0-301F-11D3-BF4B-00C04F79EFBC}") = "GameTicTacToe", "GameTicTacToe.csproj", "{A5BD8373-9CFC-48D2-A21C-F810657B5D34}"
EndProject
Global
	GlobalSection(SolutionConfigurationPlatforms) = preSolution
		Debug|Any CPU = Debug|Any CPU
		Release|Any CPU = Release|Any CPU
	EndGlobalSection
	GlobalSection(ProjectConfigurationPlatforms) = postSolution
		{A5BD8373-9CFC-48D2-A21C-F810657B5D34}.Debug|Any CPU.ActiveCfg = Debug|Any CPU
		{A5BD8373-9CFC-48D2-A21C-F810657B5D34}.Debug|Any CPU.Build.0 = Debug|Any CPU
		{A5BD8373-9CFC-48D2-A21C-F810657B5D34}.Release|Any CPU.ActiveCfg = Release|Any CPU
		{A5BD8373-9CFC-48D2-A21C-F810657B5D34}.Release|Any CPU.Build.0 = Release|Any CPU
	EndGlobalSection
	GlobalSection(SolutionProperties) = preSolution
		HideSolutionNode = FALSE
	EndGlobalSection
	GlobalSection(ExtensibilityGlobals) = postSolution
		SolutionGuid = {4AF5A722-A9A5-4A61-8E35-F6B9CA7D5150}
	EndGlobalSection
EndGlobal
